
Microsoft Visual Studio Solution File, Format Version 12.00
# Visual Studio Version 17
VisualStudioVersion = 17.11.35327.3
MinimumVisualStudioVersion = 10.0.40219.1
Project("{FAE04EC0-301F-11D3-BF4B-00C04F79EFBC}") = "BBQ-R industries1", "BBQ-R industries1\BBQ-R industries1.csproj", "{376E2FDC-FA4C-4925-B55C-F5D5BB60517B}"
EndProject
Global
	GlobalSection(SolutionConfigurationPlatforms) = preSolution
		Debug|Any CPU = Debug|Any CPU
		Release|Any CPU = Release|Any CPU
	EndGlobalSection
	GlobalSection(ProjectConfigurationPlatforms) = postSolution
		{376E2FDC-FA4C-4925-B55C-F5D5BB60517B}.Debug|Any CPU.ActiveCfg = Debug|Any CPU
		{376E2FDC-FA4C-4925-B55C-F5D5BB60517B}.Debug|Any CPU.Build.0 = Debug|Any CPU
		{376E2FDC-FA4C-4925-B55C-F5D5BB60517B}.Release|Any CPU.ActiveCfg = Release|Any CPU
		{376E2FDC-FA4C-4925-B55C-F5D5BB60517B}.Release|Any CPU.Build.0 = Release|Any CPU
	EndGlobalSection
	GlobalSection(SolutionProperties) = preSolution
		HideSolutionNode = FALSE
	EndGlobalSection
	GlobalSection(ExtensibilityGlobals) = postSolution
		SolutionGuid = {96D6B09C-2DCA-44A3-9F33-758D212E16C4}
	EndGlobalSection
EndGlobal
